
Microsoft Visual Studio Solution File, Format Version 12.00
# Visual Studio Version 17
VisualStudioVersion = 17.9.34728.123
MinimumVisualStudioVersion = 10.0.40219.1
Project("{FAE04EC0-301F-11D3-BF4B-00C04F79EFBC}") = "Temp1", "Temp1\Temp1.csproj", "{C5660BB5-CD2D-46A0-9572-E5365D441696}"
EndProject
Global
	GlobalSection(SolutionConfigurationPlatforms) = preSolution
		Debug|Any CPU = Debug|Any CPU
		Release|Any CPU = Release|Any CPU
	EndGlobalSection
	GlobalSection(ProjectConfigurationPlatforms) = postSolution
		{C5660BB5-CD2D-46A0-9572-E5365D441696}.Debug|Any CPU.ActiveCfg = Debug|Any CPU
		{C5660BB5-CD2D-46A0-9572-E5365D441696}.Debug|Any CPU.Build.0 = Debug|Any CPU
		{C5660BB5-CD2D-46A0-9572-E5365D441696}.Release|Any CPU.ActiveCfg = Release|Any CPU
		{C5660BB5-CD2D-46A0-9572-E5365D441696}.Release|Any CPU.Build.0 = Release|Any CPU
	EndGlobalSection
	GlobalSection(SolutionProperties) = preSolution
		HideSolutionNode = FALSE
	EndGlobalSection
	GlobalSection(ExtensibilityGlobals) = postSolution
		SolutionGuid = {36376F36-57AC-4407-AD96-75507706BD11}
	EndGlobalSection
EndGlobal
